
Microsoft Visual Studio Solution File, Format Version 12.00
# Visual Studio Version 17
VisualStudioVersion = 17.7.34221.43
MinimumVisualStudioVersion = 10.0.40219.1
Project("{FAE04EC0-301F-11D3-BF4B-00C04F79EFBC}") = "ChessCore", "ChessCore\ChessCore.csproj", "{27B1E532-B24D-4EB3-879D-595EFEE9F8D6}"
EndProject
Project("{FAE04EC0-301F-11D3-BF4B-00C04F79EFBC}") = "ChessGUI", "ChessGUI\ChessGUI.csproj", "{3B3DEA69-43D4-41E0-B719-9EB72822A715}"
EndProject
Global
	GlobalSection(SolutionConfigurationPlatforms) = preSolution
		Debug|Any CPU = Debug|Any CPU
		Release|Any CPU = Release|Any CPU
	EndGlobalSection
	GlobalSection(ProjectConfigurationPlatforms) = postSolution
		{27B1E532-B24D-4EB3-879D-595EFEE9F8D6}.Debug|Any CPU.ActiveCfg = Debug|Any CPU
		{27B1E532-B24D-4EB3-879D-595EFEE9F8D6}.Debug|Any CPU.Build.0 = Debug|Any CPU
		{27B1E532-B24D-4EB3-879D-595EFEE9F8D6}.Release|Any CPU.ActiveCfg = Release|Any CPU
		{27B1E532-B24D-4EB3-879D-595EFEE9F8D6}.Release|Any CPU.Build.0 = Release|Any CPU
		{3B3DEA69-43D4-41E0-B719-9EB72822A715}.Debug|Any CPU.ActiveCfg = Debug|Any CPU
		{3B3DEA69-43D4-41E0-B719-9EB72822A715}.Debug|Any CPU.Build.0 = Debug|Any CPU
		{3B3DEA69-43D4-41E0-B719-9EB72822A715}.Release|Any CPU.ActiveCfg = Release|Any CPU
		{3B3DEA69-43D4-41E0-B719-9EB72822A715}.Release|Any CPU.Build.0 = Release|Any CPU
	EndGlobalSection
	GlobalSection(SolutionProperties) = preSolution
		HideSolutionNode = FALSE
	EndGlobalSection
	GlobalSection(ExtensibilityGlobals) = postSolution
		SolutionGuid = {402CCC04-27DA-4146-85BB-C930F1B3221B}
	EndGlobalSection
EndGlobal
